<?xml version="1.0" encoding="utf-8"?>
<Project ToolsVersion="4.0" xmlns="http://schemas.microsoft.com/developer/msbuild/2003">
  <ItemGroup>
    <FxCompile Include="assets\shaders\Object3d.PS.hlsl" />
    <FxCompile Include="assets\shaders\Object3d.VS.hlsl" />
    <FxCompile Include="assets\shaders\Particle.PS.hlsl" />
    <FxCompile Include="assets\shaders\Particle.VS.hlsl" />
    <FxCompile Include="assets\shaders\Sprite2d.PS.hlsl" />
    <FxCompile Include="assets\shaders\Sprite2d.VS.hlsl" />
  </ItemGroup>
  <ItemGroup>
    <ClCompile Include="src\engine\Audio\AudioManager.cpp" />
    <ClCompile Include="src\engine\Debug\ImguiManager.cpp" />
    <ClCompile Include="src\engine\Graphics\ParticleEmitter.cpp" />
    <ClCompile Include="src\engine\Graphics\ParticleManager.cpp" />
    <ClCompile Include="src\engine\Graphics\Camera.cpp" />
    <ClCompile Include="src\engine\Graphics\CameraManager.cpp" />
    <ClCompile Include="src\engine\Graphics\ModelManager.cpp" />
    <ClCompile Include="src\engine\Graphics\Model.cpp" />
    <ClCompile Include="src\engine\Graphics\ModelCommon.cpp" />
    <ClCompile Include="src\engine\Graphics\Object3dCommon.cpp" />
    <ClCompile Include="src\engine\Graphics\Object3d.cpp" />
    <ClCompile Include="src\engine\Graphics\Sprite.cpp" />
    <ClCompile Include="src\engine\Graphics\SpriteCommon.cpp" />
    <ClCompile Include="src\engine\Debug\D3DResourceLeakChecker.cpp" />
    <ClCompile Include="external\imgui\imgui.cpp" />
    <ClCompile Include="external\imgui\imgui_demo.cpp" />
    <ClCompile Include="external\imgui\imgui_draw.cpp" />
    <ClCompile Include="external\imgui\imgui_impl_dx12.cpp" />
    <ClCompile Include="external\imgui\imgui_impl_win32.cpp" />
    <ClCompile Include="external\imgui\imgui_tables.cpp" />
    <ClCompile Include="external\imgui\imgui_widgets.cpp" />
    <ClCompile Include="src\engine\base\logger.cpp" />
    <ClCompile Include="src\engine\base\Math\Matrix4x4.cpp" />
    <ClCompile Include="src\engine\base\Math\Vector3.cpp" />
    <ClCompile Include="src\engine\base\WinApp.cpp" />
    <ClCompile Include="src\engine\Graphics\DebugCamera.cpp" />
    <ClCompile Include="src\engine\Graphics\DirectXCommon.cpp" />
    <ClCompile Include="src\engine\io\Input.cpp" />
    <ClCompile Include="src\Game\main.cpp" />
    <ClCompile Include="src\engine\base\StringUtility.cpp" />
    <ClCompile Include="src\engine\base\Math\Vector2.cpp" />
    <ClCompile Include="src\engine\base\Math\Vector4.cpp" />
    <ClCompile Include="src\engine\base\Math\Transform.cpp" />
    <ClCompile Include="src\engine\Graphics\TextureManager.cpp" />
    <ClCompile Include="src\engine\Graphics\SrvManager.cpp" />
    <ClCompile Include="src\engine\base\TDEngine.cpp" />
    <ClCompile Include="src\engine\Graphics\WorldTransform.cpp" />
    <ClCompile Include="src\engine\base\Math\MyMath.cpp" />
    <ClCompile Include="src\Game\Collision.cpp" />
    <ClCompile Include="src\Game\Player.cpp" />
    <ClCompile Include="src\Game\Enemy.cpp" />
    <ClCompile Include="src\Game\GameScene.cpp" />
    <ClCompile Include="src\Game\SceneManager.cpp" />
    <ClCompile Include="src\Game\BackGround.cpp" />
    <ClCompile Include="src\Game\TitleLogo.cpp" />
    <ClCompile Include="src\Game\Fade.cpp" />
    <ClCompile Include="src\Game\TitleScene.cpp" />
    <ClCompile Include="src\Game\TutorialScene.cpp" />
    <ClCompile Include="src\Game\ClearScene.cpp" />
    <ClCompile Include="src\Game\GameOverScene.cpp" />
    <ClCompile Include="src\Game\ChainBomb.cpp" />
    <ClCompile Include="src\Game\Wind.cpp" />
    <ClCompile Include="src\Game\Skydome.cpp" />
    <ClCompile Include="src\Game\Thunder.cpp" />
    <ClCompile Include="src\Game\Needle.cpp" />
    <ClCompile Include="src\Game\TimeLimit.cpp" />
    <ClCompile Include="src\Game\Punch.cpp" />
    <ClCompile Include="src\Game\Beam.cpp" />
    <ClCompile Include="src\Game\DeathEx.cpp" />
    <ClCompile Include="src\Game\EnemyDeathParticle.cpp" />
    <ClCompile Include="src\Game\FireworkParticle.cpp" />
    <ClCompile Include="src\Game\Rand.cpp" />
  </ItemGroup>
  <ItemGroup>
    <ClInclude Include="src\engine\Audio\AudioManager.h" />
    <ClInclude Include="src\engine\base\TDEngine.h" />
    <ClInclude Include="src\engine\Debug\ImguiManager.h" />
    <ClInclude Include="src\engine\Graphics\ParticleEmitter.h" />
    <ClInclude Include="src\engine\Graphics\ParticleManager.h" />
    <ClInclude Include="src\engine\Graphics\Camera.h" />
    <ClInclude Include="src\engine\Graphics\CameraManager.h" />
    <ClInclude Include="src\engine\Graphics\ModelManager.h" />
    <ClInclude Include="src\engine\Graphics\Model.h" />
    <ClInclude Include="src\engine\Graphics\ModelCommon.h" />
    <ClInclude Include="src\engine\Graphics\Object3dCommon.h" />
    <ClInclude Include="src\engine\Graphics\Object3d.h" />
    <ClInclude Include="src\engine\base\Math\MyMath.h" />
    <ClInclude Include="src\engine\Graphics\Sprite.h" />
    <ClInclude Include="src\engine\Graphics\SpriteCommon.h" />
    <ClInclude Include="src\engine\Debug\D3DResourceLeakChecker.h" />
    <ClInclude Include="external\imgui\imconfig.h" />
    <ClInclude Include="external\imgui\imgui.h" />
    <ClInclude Include="external\imgui\imgui_impl_dx12.h" />
    <ClInclude Include="external\imgui\imgui_impl_win32.h" />
    <ClInclude Include="external\imgui\imgui_internal.h" />
    <ClInclude Include="external\imgui\imstb_rectpack.h" />
    <ClInclude Include="external\imgui\imstb_textedit.h" />
    <ClInclude Include="external\imgui\imstb_truetype.h" />
    <ClInclude Include="src\engine\base\AssetType.h" />
    <ClInclude Include="src\engine\base\logger.h" />
    <ClInclude Include="src\engine\base\Math\Matrix4x4.h" />
    <ClInclude Include="src\engine\base\Math\Vector3.h" />
    <ClInclude Include="src\engine\base\WinApp.h" />
    <ClInclude Include="src\engine\Graphics\DebugCamera.h" />
    <ClInclude Include="src\engine\Graphics\DirectXCommon.h" />
    <ClInclude Include="src\engine\io\Input.h" />
    <ClInclude Include="src\engine\base\StringUtility.h" />
    <ClInclude Include="src\engine\base\Math\Vector2.h" />
    <ClInclude Include="src\engine\base\Math\Vector4.h" />
    <ClInclude Include="src\engine\base\Math\Transform.h" />
    <ClInclude Include="src\engine\Graphics\TextureManager.h" />
    <ClInclude Include="src\engine\Graphics\SrvManager.h" />
    <ClInclude Include="src\engine\Graphics\WorldTransform.h" />
    <ClInclude Include="src\Game\Collision.h" />
    <ClInclude Include="src\Game\Player.h" />
    <ClInclude Include="src\Game\Enemy.h" />
    <ClInclude Include="src\Game\GameScene.h" />
    <ClInclude Include="src\Game\SceneManager.h" />
    <ClInclude Include="src\Game\BackGround.h" />
    <ClInclude Include="src\Game\TitleLogo.h" />
    <ClInclude Include="src\Game\Fade.h" />
    <ClInclude Include="src\Game\TitleScene.h" />
    <ClInclude Include="src\Game\TutorialScene.h" />
    <ClInclude Include="src\Game\ClearScene.h" />
    <ClInclude Include="src\Game\GameOverScene.h" />
    <ClInclude Include="src\Game\ChainBomb.h" />
    <ClInclude Include="src\Game\Wind.h" />
    <ClInclude Include="src\Game\Skydome.h" />
    <ClInclude Include="src\Game\Thunder.h" />
    <ClInclude Include="src\Game\Needle.h" />
    <ClInclude Include="src\Game\TimeLimit.h" />
    <ClInclude Include="src\Game\Punch.h" />
    <ClInclude Include="src\Game\Beam.h" />
    <ClInclude Include="src\Game\DeathEx.h" />
    <ClInclude Include="src\Game\EnemyDeathParticle.h" />
    <ClInclude Include="src\Game\FireworkParticle.h" />
    <ClInclude Include="src\Game\Rand.h" />
  </ItemGroup>
  <ItemGroup>
    <Media Include="assets\sounds\Alarm01.wav" />
  </ItemGroup>
  <ItemGroup>
    <Image Include="assets\textures\checkerBoard.png" />
    <Image Include="assets\textures\monsterBall.png" />
    <Image Include="assets\textures\uvChecker.png" />
  </ItemGroup>
  <ItemGroup>
    <None Include=".editorconfig" />
    <None Include="assets\shaders\Particle.hlsli" />
    <None Include="assets\shaders\Object3d.hlsli" />
    <None Include="assets\shaders\Sprite2d.hlsli" />
  </ItemGroup>
  <ItemGroup>
    <Text Include="external\imgui\LICENSE.txt" />
  </ItemGroup>
</Project>